# This file is autogenerated, do not edit; changes may be undone by the next 'dep ensure'.


[[projects]]
  branch = "master"
  name = "github.com/jmoiron/sqlx"
  packages = [".","reflectx"]
  revision = "0dae4fefe7c0e190f7b5a78dac28a1c82cc8d849"

[[projects]]
  branch = "master"
  name = "github.com/streadway/amqp"
  packages = ["."]
  revision = "70e15c650864f4fc47f5d3c82ea117285480895d"

[solve-meta]
  analyzer-name = "dep"
  analyzer-version = 1
  inputs-digest = "77aa1a419c994db7f23e77f63b29a296c0c6d56ff8bc2148f1441fa66d642e4f"
  solver-name = "gps-cdcl"
  solver-version = 1
